
Microsoft Visual Studio Solution File, Format Version 12.00
# Visual Studio Version 16
VisualStudioVersion = 16.0.30406.217
MinimumVisualStudioVersion = 10.0.40219.1
Project("{8BC9CEB8-8B4A-11D0-8D11-00A0C91BC942}") = "ToyEngine", "ToyEngine.vcxproj", "{562E8108-9C6C-4A33-979B-D4DF397DC153}"
EndProject
Global
	GlobalSection(SolutionConfigurationPlatforms) = preSolution
		Debug|x64 = Debug|x64
		Debug|x86 = Debug|x86
		Dev|x64 = Dev|x64
		Dev|x86 = Dev|x86
		Release|x64 = Release|x64
		Release|x86 = Release|x86
	EndGlobalSection
	GlobalSection(ProjectConfigurationPlatforms) = postSolution
		{562E8108-9C6C-4A33-979B-D4DF397DC153}.Debug|x64.ActiveCfg = Debug|x64
		{562E8108-9C6C-4A33-979B-D4DF397DC153}.Debug|x64.Build.0 = Debug|x64
		{562E8108-9C6C-4A33-979B-D4DF397DC153}.Debug|x86.ActiveCfg = Debug|Win32
		{562E8108-9C6C-4A33-979B-D4DF397DC153}.Debug|x86.Build.0 = Debug|Win32
		{562E8108-9C6C-4A33-979B-D4DF397DC153}.Dev|x64.ActiveCfg = Dev|x64
		{562E8108-9C6C-4A33-979B-D4DF397DC153}.Dev|x64.Build.0 = Dev|x64
		{562E8108-9C6C-4A33-979B-D4DF397DC153}.Dev|x86.ActiveCfg = Dev|Win32
		{562E8108-9C6C-4A33-979B-D4DF397DC153}.Dev|x86.Build.0 = Dev|Win32
		{562E8108-9C6C-4A33-979B-D4DF397DC153}.Release|x64.ActiveCfg = Release|x64
		{562E8108-9C6C-4A33-979B-D4DF397DC153}.Release|x64.Build.0 = Release|x64
		{562E8108-9C6C-4A33-979B-D4DF397DC153}.Release|x86.ActiveCfg = Release|Win32
		{562E8108-9C6C-4A33-979B-D4DF397DC153}.Release|x86.Build.0 = Release|Win32
	EndGlobalSection
	GlobalSection(SolutionProperties) = preSolution
		HideSolutionNode = FALSE
	EndGlobalSection
	GlobalSection(ExtensibilityGlobals) = postSolution
		SolutionGuid = {4F6F5EC0-A3E8-40A3-B256-F4AD3A69BF2F}
	EndGlobalSection
EndGlobal
