<?xml version="1.0" encoding="utf-8"?>
<Project ToolsVersion="4.0" xmlns="http://schemas.microsoft.com/developer/msbuild/2003">
  <ItemGroup>
    <Filter Include="Source">
      <UniqueIdentifier>{312e91cf-1c69-416c-905a-96b2e6030187}</UniqueIdentifier>
    </Filter>
    <Filter Include="Source\Renderer">
      <UniqueIdentifier>{0a491fcc-de52-4033-968e-3a7818001e28}</UniqueIdentifier>
    </Filter>
    <Filter Include="Source\Shaders">
      <UniqueIdentifier>{e90f1a98-579d-4de1-ba88-6dd16817e971}</UniqueIdentifier>
    </Filter>
    <Filter Include="Source\3rdParty">
      <UniqueIdentifier>{5022766f-95a4-415f-9581-921d95ed3bac}</UniqueIdentifier>
    </Filter>
    <Filter Include="Source\3rdParty\ImGui">
      <UniqueIdentifier>{ad4e9038-ee50-438f-ad47-4bb1ea24ec01}</UniqueIdentifier>
    </Filter>
    <Filter Include="Source\3rdParty\LodePNG">
      <UniqueIdentifier>{edb62074-b541-4481-b658-a6fc58a984bc}</UniqueIdentifier>
    </Filter>
    <Filter Include="Source\3rdParty\glm">
      <UniqueIdentifier>{04bf06f9-eede-4bb7-add7-e70f275bd6f7}</UniqueIdentifier>
    </Filter>
    <Filter Include="Source\3rdParty\glm\detail">
      <UniqueIdentifier>{9e969c6b-7929-41a6-b7e3-bd99199263fb}</UniqueIdentifier>
    </Filter>
    <Filter Include="Source\3rdParty\glm\ext">
      <UniqueIdentifier>{9bddb759-7a2c-4d68-8426-84fe6e21bafd}</UniqueIdentifier>
    </Filter>
    <Filter Include="Source\3rdParty\glm\gtc">
      <UniqueIdentifier>{6f9bad01-f52d-4675-aa07-7e71c26cc6d4}</UniqueIdentifier>
    </Filter>
    <Filter Include="Source\3rdParty\glm\gtx">
      <UniqueIdentifier>{fd9c32a5-85ae-4e6d-9372-b596ed3f4ab2}</UniqueIdentifier>
    </Filter>
    <Filter Include="Source\3rdParty\glm\simd">
      <UniqueIdentifier>{720a98b5-84d8-4ecb-b19a-a665f5c070cf}</UniqueIdentifier>
    </Filter>
    <Filter Include="Source\Driver">
      <UniqueIdentifier>{eb928a40-fab3-4c26-a46b-30f512feb824}</UniqueIdentifier>
    </Filter>
    <Filter Include="Source\Driver\D3D11">
      <UniqueIdentifier>{5f8778ce-ddd3-428f-bfc0-d03be7eb2568}</UniqueIdentifier>
    </Filter>
    <Filter Include="Source\Renderer2">
      <UniqueIdentifier>{f6db5caa-aca0-48fa-9082-a82a52e2936c}</UniqueIdentifier>
    </Filter>
  </ItemGroup>
  <ItemGroup>
    <ClCompile Include="Source\Common.cpp">
      <Filter>Source</Filter>
    </ClCompile>
    <ClCompile Include="Source\Program.cpp">
      <Filter>Source</Filter>
    </ClCompile>
    <ClCompile Include="Source\3rdParty\ImGui\imgui.cpp">
      <Filter>Source\3rdParty\ImGui</Filter>
    </ClCompile>
    <ClCompile Include="Source\3rdParty\ImGui\imgui_demo.cpp">
      <Filter>Source\3rdParty\ImGui</Filter>
    </ClCompile>
    <ClCompile Include="Source\3rdParty\ImGui\imgui_draw.cpp">
      <Filter>Source\3rdParty\ImGui</Filter>
    </ClCompile>
    <ClCompile Include="Source\3rdParty\ImGui\imgui_impl_dx11.cpp">
      <Filter>Source\3rdParty\ImGui</Filter>
    </ClCompile>
    <ClCompile Include="Source\3rdParty\ImGui\imgui_impl_win32.cpp">
      <Filter>Source\3rdParty\ImGui</Filter>
    </ClCompile>
    <ClCompile Include="Source\3rdParty\ImGui\imgui_widgets.cpp">
      <Filter>Source\3rdParty\ImGui</Filter>
    </ClCompile>
    <ClCompile Include="Source\3rdParty\LodePNG\lodepng.cpp">
      <Filter>Source\3rdParty\LodePNG</Filter>
    </ClCompile>
    <ClCompile Include="Source\Renderer\Camera.cpp">
      <Filter>Source\Renderer</Filter>
    </ClCompile>
    <ClCompile Include="Source\Renderer\Drawable.cpp">
      <Filter>Source\Renderer</Filter>
    </ClCompile>
    <ClCompile Include="Source\Renderer\Engine.cpp">
      <Filter>Source\Renderer</Filter>
    </ClCompile>
    <ClCompile Include="Source\Renderer\Gui.cpp">
      <Filter>Source\Renderer</Filter>
    </ClCompile>
    <ClCompile Include="Source\Renderer\Light.cpp">
      <Filter>Source\Renderer</Filter>
    </ClCompile>
    <ClCompile Include="Source\Renderer\Material.cpp">
      <Filter>Source\Renderer</Filter>
    </ClCompile>
    <ClCompile Include="Source\3rdParty\glm\detail\glm.cpp">
      <Filter>Source\3rdParty\glm\detail</Filter>
    </ClCompile>
    <ClCompile Include="Source\Driver\D3D11\Driver.cpp">
      <Filter>Source\Driver\D3D11</Filter>
    </ClCompile>
    <ClCompile Include="Source\Driver\D3D11\Buffer.cpp">
      <Filter>Source\Driver\D3D11</Filter>
    </ClCompile>
    <ClCompile Include="Source\Driver\D3D11\Texture.cpp">
      <Filter>Source\Driver\D3D11</Filter>
    </ClCompile>
    <ClCompile Include="Source\Driver\D3D11\ShaderSet.cpp">
      <Filter>Source\Driver\D3D11</Filter>
    </ClCompile>
    <ClCompile Include="Source\Driver\D3D11\RenderState.cpp">
      <Filter>Source\Driver\D3D11</Filter>
    </ClCompile>
    <ClCompile Include="Source\Driver\D3D11\InputLayout.cpp">
      <Filter>Source\Driver\D3D11</Filter>
    </ClCompile>
    <ClCompile Include="Source\Renderer2\WorldRenderer.cpp">
      <Filter>Source\Renderer2</Filter>
    </ClCompile>
    <ClCompile Include="Source\Renderer2\Material2.cpp">
      <Filter>Source\Renderer2</Filter>
    </ClCompile>
    <ClCompile Include="Source\Renderer2\MeshRenderer.cpp">
      <Filter>Source\Renderer2</Filter>
    </ClCompile>
  </ItemGroup>
  <ItemGroup>
    <ClInclude Include="Source\Common.h">
      <Filter>Source</Filter>
    </ClInclude>
    <ClInclude Include="Source\3rdParty\ImGui\imconfig.h">
      <Filter>Source\3rdParty\ImGui</Filter>
    </ClInclude>
    <ClInclude Include="Source\3rdParty\ImGui\imgui.h">
      <Filter>Source\3rdParty\ImGui</Filter>
    </ClInclude>
    <ClInclude Include="Source\3rdParty\ImGui\imgui_impl_dx11.h">
      <Filter>Source\3rdParty\ImGui</Filter>
    </ClInclude>
    <ClInclude Include="Source\3rdParty\ImGui\imgui_impl_win32.h">
      <Filter>Source\3rdParty\ImGui</Filter>
    </ClInclude>
    <ClInclude Include="Source\3rdParty\ImGui\imgui_internal.h">
      <Filter>Source\3rdParty\ImGui</Filter>
    </ClInclude>
    <ClInclude Include="Source\3rdParty\ImGui\imstb_rectpack.h">
      <Filter>Source\3rdParty\ImGui</Filter>
    </ClInclude>
    <ClInclude Include="Source\3rdParty\ImGui\imstb_textedit.h">
      <Filter>Source\3rdParty\ImGui</Filter>
    </ClInclude>
    <ClInclude Include="Source\3rdParty\ImGui\imstb_truetype.h">
      <Filter>Source\3rdParty\ImGui</Filter>
    </ClInclude>
    <ClInclude Include="Source\3rdParty\LodePNG\lodepng.h">
      <Filter>Source\3rdParty\LodePNG</Filter>
    </ClInclude>
    <ClInclude Include="Source\Renderer\Camera.h">
      <Filter>Source\Renderer</Filter>
    </ClInclude>
    <ClInclude Include="Source\Renderer\Drawable.h">
      <Filter>Source\Renderer</Filter>
    </ClInclude>
    <ClInclude Include="Source\Renderer\Engine.h">
      <Filter>Source\Renderer</Filter>
    </ClInclude>
    <ClInclude Include="Source\Renderer\EngineCommon.h">
      <Filter>Source\Renderer</Filter>
    </ClInclude>
    <ClInclude Include="Source\Renderer\Gui.h">
      <Filter>Source\Renderer</Filter>
    </ClInclude>
    <ClInclude Include="Source\Renderer\Light.h">
      <Filter>Source\Renderer</Filter>
    </ClInclude>
    <ClInclude Include="Source\Renderer\Material.h">
      <Filter>Source\Renderer</Filter>
    </ClInclude>
    <ClInclude Include="Source\Renderer\Privitives.h">
      <Filter>Source\Renderer</Filter>
    </ClInclude>
    <ClInclude Include="Source\3rdParty\glm\common.hpp">
      <Filter>Source\3rdParty\glm</Filter>
    </ClInclude>
    <ClInclude Include="Source\3rdParty\glm\exponential.hpp">
      <Filter>Source\3rdParty\glm</Filter>
    </ClInclude>
    <ClInclude Include="Source\3rdParty\glm\ext.hpp">
      <Filter>Source\3rdParty\glm</Filter>
    </ClInclude>
    <ClInclude Include="Source\3rdParty\glm\fwd.hpp">
      <Filter>Source\3rdParty\glm</Filter>
    </ClInclude>
    <ClInclude Include="Source\3rdParty\glm\geometric.hpp">
      <Filter>Source\3rdParty\glm</Filter>
    </ClInclude>
    <ClInclude Include="Source\3rdParty\glm\glm.hpp">
      <Filter>Source\3rdParty\glm</Filter>
    </ClInclude>
    <ClInclude Include="Source\3rdParty\glm\integer.hpp">
      <Filter>Source\3rdParty\glm</Filter>
    </ClInclude>
    <ClInclude Include="Source\3rdParty\glm\mat2x2.hpp">
      <Filter>Source\3rdParty\glm</Filter>
    </ClInclude>
    <ClInclude Include="Source\3rdParty\glm\mat2x3.hpp">
      <Filter>Source\3rdParty\glm</Filter>
    </ClInclude>
    <ClInclude Include="Source\3rdParty\glm\mat2x4.hpp">
      <Filter>Source\3rdParty\glm</Filter>
    </ClInclude>
    <ClInclude Include="Source\3rdParty\glm\mat3x2.hpp">
      <Filter>Source\3rdParty\glm</Filter>
    </ClInclude>
    <ClInclude Include="Source\3rdParty\glm\mat3x3.hpp">
      <Filter>Source\3rdParty\glm</Filter>
    </ClInclude>
    <ClInclude Include="Source\3rdParty\glm\mat3x4.hpp">
      <Filter>Source\3rdParty\glm</Filter>
    </ClInclude>
    <ClInclude Include="Source\3rdParty\glm\mat4x2.hpp">
      <Filter>Source\3rdParty\glm</Filter>
    </ClInclude>
    <ClInclude Include="Source\3rdParty\glm\mat4x3.hpp">
      <Filter>Source\3rdParty\glm</Filter>
    </ClInclude>
    <ClInclude Include="Source\3rdParty\glm\mat4x4.hpp">
      <Filter>Source\3rdParty\glm</Filter>
    </ClInclude>
    <ClInclude Include="Source\3rdParty\glm\matrix.hpp">
      <Filter>Source\3rdParty\glm</Filter>
    </ClInclude>
    <ClInclude Include="Source\3rdParty\glm\packing.hpp">
      <Filter>Source\3rdParty\glm</Filter>
    </ClInclude>
    <ClInclude Include="Source\3rdParty\glm\trigonometric.hpp">
      <Filter>Source\3rdParty\glm</Filter>
    </ClInclude>
    <ClInclude Include="Source\3rdParty\glm\vec2.hpp">
      <Filter>Source\3rdParty\glm</Filter>
    </ClInclude>
    <ClInclude Include="Source\3rdParty\glm\vec3.hpp">
      <Filter>Source\3rdParty\glm</Filter>
    </ClInclude>
    <ClInclude Include="Source\3rdParty\glm\vec4.hpp">
      <Filter>Source\3rdParty\glm</Filter>
    </ClInclude>
    <ClInclude Include="Source\3rdParty\glm\vector_relational.hpp">
      <Filter>Source\3rdParty\glm</Filter>
    </ClInclude>
    <ClInclude Include="Source\3rdParty\glm\detail\_features.hpp">
      <Filter>Source\3rdParty\glm\detail</Filter>
    </ClInclude>
    <ClInclude Include="Source\3rdParty\glm\detail\_fixes.hpp">
      <Filter>Source\3rdParty\glm\detail</Filter>
    </ClInclude>
    <ClInclude Include="Source\3rdParty\glm\detail\_noise.hpp">
      <Filter>Source\3rdParty\glm\detail</Filter>
    </ClInclude>
    <ClInclude Include="Source\3rdParty\glm\detail\_swizzle.hpp">
      <Filter>Source\3rdParty\glm\detail</Filter>
    </ClInclude>
    <ClInclude Include="Source\3rdParty\glm\detail\_swizzle_func.hpp">
      <Filter>Source\3rdParty\glm\detail</Filter>
    </ClInclude>
    <ClInclude Include="Source\3rdParty\glm\detail\_vectorize.hpp">
      <Filter>Source\3rdParty\glm\detail</Filter>
    </ClInclude>
    <ClInclude Include="Source\3rdParty\glm\detail\compute_common.hpp">
      <Filter>Source\3rdParty\glm\detail</Filter>
    </ClInclude>
    <ClInclude Include="Source\3rdParty\glm\detail\compute_vector_relational.hpp">
      <Filter>Source\3rdParty\glm\detail</Filter>
    </ClInclude>
    <ClInclude Include="Source\3rdParty\glm\detail\qualifier.hpp">
      <Filter>Source\3rdParty\glm\detail</Filter>
    </ClInclude>
    <ClInclude Include="Source\3rdParty\glm\detail\setup.hpp">
      <Filter>Source\3rdParty\glm\detail</Filter>
    </ClInclude>
    <ClInclude Include="Source\3rdParty\glm\detail\type_float.hpp">
      <Filter>Source\3rdParty\glm\detail</Filter>
    </ClInclude>
    <ClInclude Include="Source\3rdParty\glm\detail\type_half.hpp">
      <Filter>Source\3rdParty\glm\detail</Filter>
    </ClInclude>
    <ClInclude Include="Source\3rdParty\glm\detail\type_mat2x2.hpp">
      <Filter>Source\3rdParty\glm\detail</Filter>
    </ClInclude>
    <ClInclude Include="Source\3rdParty\glm\detail\type_mat2x3.hpp">
      <Filter>Source\3rdParty\glm\detail</Filter>
    </ClInclude>
    <ClInclude Include="Source\3rdParty\glm\detail\type_mat2x4.hpp">
      <Filter>Source\3rdParty\glm\detail</Filter>
    </ClInclude>
    <ClInclude Include="Source\3rdParty\glm\detail\type_mat3x2.hpp">
      <Filter>Source\3rdParty\glm\detail</Filter>
    </ClInclude>
    <ClInclude Include="Source\3rdParty\glm\detail\type_mat3x3.hpp">
      <Filter>Source\3rdParty\glm\detail</Filter>
    </ClInclude>
    <ClInclude Include="Source\3rdParty\glm\detail\type_mat3x4.hpp">
      <Filter>Source\3rdParty\glm\detail</Filter>
    </ClInclude>
    <ClInclude Include="Source\3rdParty\glm\detail\type_mat4x2.hpp">
      <Filter>Source\3rdParty\glm\detail</Filter>
    </ClInclude>
    <ClInclude Include="Source\3rdParty\glm\detail\type_mat4x3.hpp">
      <Filter>Source\3rdParty\glm\detail</Filter>
    </ClInclude>
    <ClInclude Include="Source\3rdParty\glm\detail\type_mat4x4.hpp">
      <Filter>Source\3rdParty\glm\detail</Filter>
    </ClInclude>
    <ClInclude Include="Source\3rdParty\glm\detail\type_quat.hpp">
      <Filter>Source\3rdParty\glm\detail</Filter>
    </ClInclude>
    <ClInclude Include="Source\3rdParty\glm\detail\type_vec1.hpp">
      <Filter>Source\3rdParty\glm\detail</Filter>
    </ClInclude>
    <ClInclude Include="Source\3rdParty\glm\detail\type_vec2.hpp">
      <Filter>Source\3rdParty\glm\detail</Filter>
    </ClInclude>
    <ClInclude Include="Source\3rdParty\glm\detail\type_vec3.hpp">
      <Filter>Source\3rdParty\glm\detail</Filter>
    </ClInclude>
    <ClInclude Include="Source\3rdParty\glm\detail\type_vec4.hpp">
      <Filter>Source\3rdParty\glm\detail</Filter>
    </ClInclude>
    <ClInclude Include="Source\3rdParty\glm\ext\matrix_clip_space.hpp">
      <Filter>Source\3rdParty\glm\ext</Filter>
    </ClInclude>
    <ClInclude Include="Source\3rdParty\glm\ext\matrix_common.hpp">
      <Filter>Source\3rdParty\glm\ext</Filter>
    </ClInclude>
    <ClInclude Include="Source\3rdParty\glm\ext\matrix_double2x2.hpp">
      <Filter>Source\3rdParty\glm\ext</Filter>
    </ClInclude>
    <ClInclude Include="Source\3rdParty\glm\ext\matrix_double2x2_precision.hpp">
      <Filter>Source\3rdParty\glm\ext</Filter>
    </ClInclude>
    <ClInclude Include="Source\3rdParty\glm\ext\matrix_double2x3.hpp">
      <Filter>Source\3rdParty\glm\ext</Filter>
    </ClInclude>
    <ClInclude Include="Source\3rdParty\glm\ext\matrix_double2x3_precision.hpp">
      <Filter>Source\3rdParty\glm\ext</Filter>
    </ClInclude>
    <ClInclude Include="Source\3rdParty\glm\ext\matrix_double2x4.hpp">
      <Filter>Source\3rdParty\glm\ext</Filter>
    </ClInclude>
    <ClInclude Include="Source\3rdParty\glm\ext\matrix_double2x4_precision.hpp">
      <Filter>Source\3rdParty\glm\ext</Filter>
    </ClInclude>
    <ClInclude Include="Source\3rdParty\glm\ext\matrix_double3x2.hpp">
      <Filter>Source\3rdParty\glm\ext</Filter>
    </ClInclude>
    <ClInclude Include="Source\3rdParty\glm\ext\matrix_double3x2_precision.hpp">
      <Filter>Source\3rdParty\glm\ext</Filter>
    </ClInclude>
    <ClInclude Include="Source\3rdParty\glm\ext\matrix_double3x3.hpp">
      <Filter>Source\3rdParty\glm\ext</Filter>
    </ClInclude>
    <ClInclude Include="Source\3rdParty\glm\ext\matrix_double3x3_precision.hpp">
      <Filter>Source\3rdParty\glm\ext</Filter>
    </ClInclude>
    <ClInclude Include="Source\3rdParty\glm\ext\matrix_double3x4.hpp">
      <Filter>Source\3rdParty\glm\ext</Filter>
    </ClInclude>
    <ClInclude Include="Source\3rdParty\glm\ext\matrix_double3x4_precision.hpp">
      <Filter>Source\3rdParty\glm\ext</Filter>
    </ClInclude>
    <ClInclude Include="Source\3rdParty\glm\ext\matrix_double4x2.hpp">
      <Filter>Source\3rdParty\glm\ext</Filter>
    </ClInclude>
    <ClInclude Include="Source\3rdParty\glm\ext\matrix_double4x2_precision.hpp">
      <Filter>Source\3rdParty\glm\ext</Filter>
    </ClInclude>
    <ClInclude Include="Source\3rdParty\glm\ext\matrix_double4x3.hpp">
      <Filter>Source\3rdParty\glm\ext</Filter>
    </ClInclude>
    <ClInclude Include="Source\3rdParty\glm\ext\matrix_double4x3_precision.hpp">
      <Filter>Source\3rdParty\glm\ext</Filter>
    </ClInclude>
    <ClInclude Include="Source\3rdParty\glm\ext\matrix_double4x4.hpp">
      <Filter>Source\3rdParty\glm\ext</Filter>
    </ClInclude>
    <ClInclude Include="Source\3rdParty\glm\ext\matrix_double4x4_precision.hpp">
      <Filter>Source\3rdParty\glm\ext</Filter>
    </ClInclude>
    <ClInclude Include="Source\3rdParty\glm\ext\matrix_float2x2.hpp">
      <Filter>Source\3rdParty\glm\ext</Filter>
    </ClInclude>
    <ClInclude Include="Source\3rdParty\glm\ext\matrix_float2x2_precision.hpp">
      <Filter>Source\3rdParty\glm\ext</Filter>
    </ClInclude>
    <ClInclude Include="Source\3rdParty\glm\ext\matrix_float2x3.hpp">
      <Filter>Source\3rdParty\glm\ext</Filter>
    </ClInclude>
    <ClInclude Include="Source\3rdParty\glm\ext\matrix_float2x3_precision.hpp">
      <Filter>Source\3rdParty\glm\ext</Filter>
    </ClInclude>
    <ClInclude Include="Source\3rdParty\glm\ext\matrix_float2x4.hpp">
      <Filter>Source\3rdParty\glm\ext</Filter>
    </ClInclude>
    <ClInclude Include="Source\3rdParty\glm\ext\matrix_float2x4_precision.hpp">
      <Filter>Source\3rdParty\glm\ext</Filter>
    </ClInclude>
    <ClInclude Include="Source\3rdParty\glm\ext\matrix_float3x2.hpp">
      <Filter>Source\3rdParty\glm\ext</Filter>
    </ClInclude>
    <ClInclude Include="Source\3rdParty\glm\ext\matrix_float3x2_precision.hpp">
      <Filter>Source\3rdParty\glm\ext</Filter>
    </ClInclude>
    <ClInclude Include="Source\3rdParty\glm\ext\matrix_float3x3.hpp">
      <Filter>Source\3rdParty\glm\ext</Filter>
    </ClInclude>
    <ClInclude Include="Source\3rdParty\glm\ext\matrix_float3x3_precision.hpp">
      <Filter>Source\3rdParty\glm\ext</Filter>
    </ClInclude>
    <ClInclude Include="Source\3rdParty\glm\ext\matrix_float3x4.hpp">
      <Filter>Source\3rdParty\glm\ext</Filter>
    </ClInclude>
    <ClInclude Include="Source\3rdParty\glm\ext\matrix_float3x4_precision.hpp">
      <Filter>Source\3rdParty\glm\ext</Filter>
    </ClInclude>
    <ClInclude Include="Source\3rdParty\glm\ext\matrix_float4x2.hpp">
      <Filter>Source\3rdParty\glm\ext</Filter>
    </ClInclude>
    <ClInclude Include="Source\3rdParty\glm\ext\matrix_float4x2_precision.hpp">
      <Filter>Source\3rdParty\glm\ext</Filter>
    </ClInclude>
    <ClInclude Include="Source\3rdParty\glm\ext\matrix_float4x3.hpp">
      <Filter>Source\3rdParty\glm\ext</Filter>
    </ClInclude>
    <ClInclude Include="Source\3rdParty\glm\ext\matrix_float4x3_precision.hpp">
      <Filter>Source\3rdParty\glm\ext</Filter>
    </ClInclude>
    <ClInclude Include="Source\3rdParty\glm\ext\matrix_float4x4.hpp">
      <Filter>Source\3rdParty\glm\ext</Filter>
    </ClInclude>
    <ClInclude Include="Source\3rdParty\glm\ext\matrix_float4x4_precision.hpp">
      <Filter>Source\3rdParty\glm\ext</Filter>
    </ClInclude>
    <ClInclude Include="Source\3rdParty\glm\ext\matrix_int2x2.hpp">
      <Filter>Source\3rdParty\glm\ext</Filter>
    </ClInclude>
    <ClInclude Include="Source\3rdParty\glm\ext\matrix_int2x2_sized.hpp">
      <Filter>Source\3rdParty\glm\ext</Filter>
    </ClInclude>
    <ClInclude Include="Source\3rdParty\glm\ext\matrix_int2x3.hpp">
      <Filter>Source\3rdParty\glm\ext</Filter>
    </ClInclude>
    <ClInclude Include="Source\3rdParty\glm\ext\matrix_int2x3_sized.hpp">
      <Filter>Source\3rdParty\glm\ext</Filter>
    </ClInclude>
    <ClInclude Include="Source\3rdParty\glm\ext\matrix_int2x4.hpp">
      <Filter>Source\3rdParty\glm\ext</Filter>
    </ClInclude>
    <ClInclude Include="Source\3rdParty\glm\ext\matrix_int2x4_sized.hpp">
      <Filter>Source\3rdParty\glm\ext</Filter>
    </ClInclude>
    <ClInclude Include="Source\3rdParty\glm\ext\matrix_int3x2.hpp">
      <Filter>Source\3rdParty\glm\ext</Filter>
    </ClInclude>
    <ClInclude Include="Source\3rdParty\glm\ext\matrix_int3x2_sized.hpp">
      <Filter>Source\3rdParty\glm\ext</Filter>
    </ClInclude>
    <ClInclude Include="Source\3rdParty\glm\ext\matrix_int3x3.hpp">
      <Filter>Source\3rdParty\glm\ext</Filter>
    </ClInclude>
    <ClInclude Include="Source\3rdParty\glm\ext\matrix_int3x3_sized.hpp">
      <Filter>Source\3rdParty\glm\ext</Filter>
    </ClInclude>
    <ClInclude Include="Source\3rdParty\glm\ext\matrix_int3x4.hpp">
      <Filter>Source\3rdParty\glm\ext</Filter>
    </ClInclude>
    <ClInclude Include="Source\3rdParty\glm\ext\matrix_int3x4_sized.hpp">
      <Filter>Source\3rdParty\glm\ext</Filter>
    </ClInclude>
    <ClInclude Include="Source\3rdParty\glm\ext\matrix_int4x2.hpp">
      <Filter>Source\3rdParty\glm\ext</Filter>
    </ClInclude>
    <ClInclude Include="Source\3rdParty\glm\ext\matrix_int4x2_sized.hpp">
      <Filter>Source\3rdParty\glm\ext</Filter>
    </ClInclude>
    <ClInclude Include="Source\3rdParty\glm\ext\matrix_int4x3.hpp">
      <Filter>Source\3rdParty\glm\ext</Filter>
    </ClInclude>
    <ClInclude Include="Source\3rdParty\glm\ext\matrix_int4x3_sized.hpp">
      <Filter>Source\3rdParty\glm\ext</Filter>
    </ClInclude>
    <ClInclude Include="Source\3rdParty\glm\ext\matrix_int4x4.hpp">
      <Filter>Source\3rdParty\glm\ext</Filter>
    </ClInclude>
    <ClInclude Include="Source\3rdParty\glm\ext\matrix_int4x4_sized.hpp">
      <Filter>Source\3rdParty\glm\ext</Filter>
    </ClInclude>
    <ClInclude Include="Source\3rdParty\glm\ext\matrix_projection.hpp">
      <Filter>Source\3rdParty\glm\ext</Filter>
    </ClInclude>
    <ClInclude Include="Source\3rdParty\glm\ext\matrix_relational.hpp">
      <Filter>Source\3rdParty\glm\ext</Filter>
    </ClInclude>
    <ClInclude Include="Source\3rdParty\glm\ext\matrix_transform.hpp">
      <Filter>Source\3rdParty\glm\ext</Filter>
    </ClInclude>
    <ClInclude Include="Source\3rdParty\glm\ext\matrix_uint2x2.hpp">
      <Filter>Source\3rdParty\glm\ext</Filter>
    </ClInclude>
    <ClInclude Include="Source\3rdParty\glm\ext\matrix_uint2x2_sized.hpp">
      <Filter>Source\3rdParty\glm\ext</Filter>
    </ClInclude>
    <ClInclude Include="Source\3rdParty\glm\ext\matrix_uint2x3.hpp">
      <Filter>Source\3rdParty\glm\ext</Filter>
    </ClInclude>
    <ClInclude Include="Source\3rdParty\glm\ext\matrix_uint2x3_sized.hpp">
      <Filter>Source\3rdParty\glm\ext</Filter>
    </ClInclude>
    <ClInclude Include="Source\3rdParty\glm\ext\matrix_uint2x4.hpp">
      <Filter>Source\3rdParty\glm\ext</Filter>
    </ClInclude>
    <ClInclude Include="Source\3rdParty\glm\ext\matrix_uint2x4_sized.hpp">
      <Filter>Source\3rdParty\glm\ext</Filter>
    </ClInclude>
    <ClInclude Include="Source\3rdParty\glm\ext\matrix_uint3x2.hpp">
      <Filter>Source\3rdParty\glm\ext</Filter>
    </ClInclude>
    <ClInclude Include="Source\3rdParty\glm\ext\matrix_uint3x2_sized.hpp">
      <Filter>Source\3rdParty\glm\ext</Filter>
    </ClInclude>
    <ClInclude Include="Source\3rdParty\glm\ext\matrix_uint3x3.hpp">
      <Filter>Source\3rdParty\glm\ext</Filter>
    </ClInclude>
    <ClInclude Include="Source\3rdParty\glm\ext\matrix_uint3x3_sized.hpp">
      <Filter>Source\3rdParty\glm\ext</Filter>
    </ClInclude>
    <ClInclude Include="Source\3rdParty\glm\ext\matrix_uint3x4.hpp">
      <Filter>Source\3rdParty\glm\ext</Filter>
    </ClInclude>
    <ClInclude Include="Source\3rdParty\glm\ext\matrix_uint3x4_sized.hpp">
      <Filter>Source\3rdParty\glm\ext</Filter>
    </ClInclude>
    <ClInclude Include="Source\3rdParty\glm\ext\matrix_uint4x2.hpp">
      <Filter>Source\3rdParty\glm\ext</Filter>
    </ClInclude>
    <ClInclude Include="Source\3rdParty\glm\ext\matrix_uint4x2_sized.hpp">
      <Filter>Source\3rdParty\glm\ext</Filter>
    </ClInclude>
    <ClInclude Include="Source\3rdParty\glm\ext\matrix_uint4x3.hpp">
      <Filter>Source\3rdParty\glm\ext</Filter>
    </ClInclude>
    <ClInclude Include="Source\3rdParty\glm\ext\matrix_uint4x3_sized.hpp">
      <Filter>Source\3rdParty\glm\ext</Filter>
    </ClInclude>
    <ClInclude Include="Source\3rdParty\glm\ext\matrix_uint4x4.hpp">
      <Filter>Source\3rdParty\glm\ext</Filter>
    </ClInclude>
    <ClInclude Include="Source\3rdParty\glm\ext\matrix_uint4x4_sized.hpp">
      <Filter>Source\3rdParty\glm\ext</Filter>
    </ClInclude>
    <ClInclude Include="Source\3rdParty\glm\ext\quaternion_common.hpp">
      <Filter>Source\3rdParty\glm\ext</Filter>
    </ClInclude>
    <ClInclude Include="Source\3rdParty\glm\ext\quaternion_double.hpp">
      <Filter>Source\3rdParty\glm\ext</Filter>
    </ClInclude>
    <ClInclude Include="Source\3rdParty\glm\ext\quaternion_double_precision.hpp">
      <Filter>Source\3rdParty\glm\ext</Filter>
    </ClInclude>
    <ClInclude Include="Source\3rdParty\glm\ext\quaternion_exponential.hpp">
      <Filter>Source\3rdParty\glm\ext</Filter>
    </ClInclude>
    <ClInclude Include="Source\3rdParty\glm\ext\quaternion_float.hpp">
      <Filter>Source\3rdParty\glm\ext</Filter>
    </ClInclude>
    <ClInclude Include="Source\3rdParty\glm\ext\quaternion_float_precision.hpp">
      <Filter>Source\3rdParty\glm\ext</Filter>
    </ClInclude>
    <ClInclude Include="Source\3rdParty\glm\ext\quaternion_geometric.hpp">
      <Filter>Source\3rdParty\glm\ext</Filter>
    </ClInclude>
    <ClInclude Include="Source\3rdParty\glm\ext\quaternion_relational.hpp">
      <Filter>Source\3rdParty\glm\ext</Filter>
    </ClInclude>
    <ClInclude Include="Source\3rdParty\glm\ext\quaternion_transform.hpp">
      <Filter>Source\3rdParty\glm\ext</Filter>
    </ClInclude>
    <ClInclude Include="Source\3rdParty\glm\ext\quaternion_trigonometric.hpp">
      <Filter>Source\3rdParty\glm\ext</Filter>
    </ClInclude>
    <ClInclude Include="Source\3rdParty\glm\ext\scalar_common.hpp">
      <Filter>Source\3rdParty\glm\ext</Filter>
    </ClInclude>
    <ClInclude Include="Source\3rdParty\glm\ext\scalar_constants.hpp">
      <Filter>Source\3rdParty\glm\ext</Filter>
    </ClInclude>
    <ClInclude Include="Source\3rdParty\glm\ext\scalar_int_sized.hpp">
      <Filter>Source\3rdParty\glm\ext</Filter>
    </ClInclude>
    <ClInclude Include="Source\3rdParty\glm\ext\scalar_integer.hpp">
      <Filter>Source\3rdParty\glm\ext</Filter>
    </ClInclude>
    <ClInclude Include="Source\3rdParty\glm\ext\scalar_packing.hpp">
      <Filter>Source\3rdParty\glm\ext</Filter>
    </ClInclude>
    <ClInclude Include="Source\3rdParty\glm\ext\scalar_relational.hpp">
      <Filter>Source\3rdParty\glm\ext</Filter>
    </ClInclude>
    <ClInclude Include="Source\3rdParty\glm\ext\scalar_uint_sized.hpp">
      <Filter>Source\3rdParty\glm\ext</Filter>
    </ClInclude>
    <ClInclude Include="Source\3rdParty\glm\ext\scalar_ulp.hpp">
      <Filter>Source\3rdParty\glm\ext</Filter>
    </ClInclude>
    <ClInclude Include="Source\3rdParty\glm\ext\vector_bool1.hpp">
      <Filter>Source\3rdParty\glm\ext</Filter>
    </ClInclude>
    <ClInclude Include="Source\3rdParty\glm\ext\vector_bool1_precision.hpp">
      <Filter>Source\3rdParty\glm\ext</Filter>
    </ClInclude>
    <ClInclude Include="Source\3rdParty\glm\ext\vector_bool2.hpp">
      <Filter>Source\3rdParty\glm\ext</Filter>
    </ClInclude>
    <ClInclude Include="Source\3rdParty\glm\ext\vector_bool2_precision.hpp">
      <Filter>Source\3rdParty\glm\ext</Filter>
    </ClInclude>
    <ClInclude Include="Source\3rdParty\glm\ext\vector_bool3.hpp">
      <Filter>Source\3rdParty\glm\ext</Filter>
    </ClInclude>
    <ClInclude Include="Source\3rdParty\glm\ext\vector_bool3_precision.hpp">
      <Filter>Source\3rdParty\glm\ext</Filter>
    </ClInclude>
    <ClInclude Include="Source\3rdParty\glm\ext\vector_bool4.hpp">
      <Filter>Source\3rdParty\glm\ext</Filter>
    </ClInclude>
    <ClInclude Include="Source\3rdParty\glm\ext\vector_bool4_precision.hpp">
      <Filter>Source\3rdParty\glm\ext</Filter>
    </ClInclude>
    <ClInclude Include="Source\3rdParty\glm\ext\vector_common.hpp">
      <Filter>Source\3rdParty\glm\ext</Filter>
    </ClInclude>
    <ClInclude Include="Source\3rdParty\glm\ext\vector_double1.hpp">
      <Filter>Source\3rdParty\glm\ext</Filter>
    </ClInclude>
    <ClInclude Include="Source\3rdParty\glm\ext\vector_double1_precision.hpp">
      <Filter>Source\3rdParty\glm\ext</Filter>
    </ClInclude>
    <ClInclude Include="Source\3rdParty\glm\ext\vector_double2.hpp">
      <Filter>Source\3rdParty\glm\ext</Filter>
    </ClInclude>
    <ClInclude Include="Source\3rdParty\glm\ext\vector_double2_precision.hpp">
      <Filter>Source\3rdParty\glm\ext</Filter>
    </ClInclude>
    <ClInclude Include="Source\3rdParty\glm\ext\vector_double3.hpp">
      <Filter>Source\3rdParty\glm\ext</Filter>
    </ClInclude>
    <ClInclude Include="Source\3rdParty\glm\ext\vector_double3_precision.hpp">
      <Filter>Source\3rdParty\glm\ext</Filter>
    </ClInclude>
    <ClInclude Include="Source\3rdParty\glm\ext\vector_double4.hpp">
      <Filter>Source\3rdParty\glm\ext</Filter>
    </ClInclude>
    <ClInclude Include="Source\3rdParty\glm\ext\vector_double4_precision.hpp">
      <Filter>Source\3rdParty\glm\ext</Filter>
    </ClInclude>
    <ClInclude Include="Source\3rdParty\glm\ext\vector_float1.hpp">
      <Filter>Source\3rdParty\glm\ext</Filter>
    </ClInclude>
    <ClInclude Include="Source\3rdParty\glm\ext\vector_float1_precision.hpp">
      <Filter>Source\3rdParty\glm\ext</Filter>
    </ClInclude>
    <ClInclude Include="Source\3rdParty\glm\ext\vector_float2.hpp">
      <Filter>Source\3rdParty\glm\ext</Filter>
    </ClInclude>
    <ClInclude Include="Source\3rdParty\glm\ext\vector_float2_precision.hpp">
      <Filter>Source\3rdParty\glm\ext</Filter>
    </ClInclude>
    <ClInclude Include="Source\3rdParty\glm\ext\vector_float3.hpp">
      <Filter>Source\3rdParty\glm\ext</Filter>
    </ClInclude>
    <ClInclude Include="Source\3rdParty\glm\ext\vector_float3_precision.hpp">
      <Filter>Source\3rdParty\glm\ext</Filter>
    </ClInclude>
    <ClInclude Include="Source\3rdParty\glm\ext\vector_float4.hpp">
      <Filter>Source\3rdParty\glm\ext</Filter>
    </ClInclude>
    <ClInclude Include="Source\3rdParty\glm\ext\vector_float4_precision.hpp">
      <Filter>Source\3rdParty\glm\ext</Filter>
    </ClInclude>
    <ClInclude Include="Source\3rdParty\glm\ext\vector_int1.hpp">
      <Filter>Source\3rdParty\glm\ext</Filter>
    </ClInclude>
    <ClInclude Include="Source\3rdParty\glm\ext\vector_int1_sized.hpp">
      <Filter>Source\3rdParty\glm\ext</Filter>
    </ClInclude>
    <ClInclude Include="Source\3rdParty\glm\ext\vector_int2.hpp">
      <Filter>Source\3rdParty\glm\ext</Filter>
    </ClInclude>
    <ClInclude Include="Source\3rdParty\glm\ext\vector_int2_sized.hpp">
      <Filter>Source\3rdParty\glm\ext</Filter>
    </ClInclude>
    <ClInclude Include="Source\3rdParty\glm\ext\vector_int3.hpp">
      <Filter>Source\3rdParty\glm\ext</Filter>
    </ClInclude>
    <ClInclude Include="Source\3rdParty\glm\ext\vector_int3_sized.hpp">
      <Filter>Source\3rdParty\glm\ext</Filter>
    </ClInclude>
    <ClInclude Include="Source\3rdParty\glm\ext\vector_int4.hpp">
      <Filter>Source\3rdParty\glm\ext</Filter>
    </ClInclude>
    <ClInclude Include="Source\3rdParty\glm\ext\vector_int4_sized.hpp">
      <Filter>Source\3rdParty\glm\ext</Filter>
    </ClInclude>
    <ClInclude Include="Source\3rdParty\glm\ext\vector_integer.hpp">
      <Filter>Source\3rdParty\glm\ext</Filter>
    </ClInclude>
    <ClInclude Include="Source\3rdParty\glm\ext\vector_packing.hpp">
      <Filter>Source\3rdParty\glm\ext</Filter>
    </ClInclude>
    <ClInclude Include="Source\3rdParty\glm\ext\vector_relational.hpp">
      <Filter>Source\3rdParty\glm\ext</Filter>
    </ClInclude>
    <ClInclude Include="Source\3rdParty\glm\ext\vector_uint1.hpp">
      <Filter>Source\3rdParty\glm\ext</Filter>
    </ClInclude>
    <ClInclude Include="Source\3rdParty\glm\ext\vector_uint1_sized.hpp">
      <Filter>Source\3rdParty\glm\ext</Filter>
    </ClInclude>
    <ClInclude Include="Source\3rdParty\glm\ext\vector_uint2.hpp">
      <Filter>Source\3rdParty\glm\ext</Filter>
    </ClInclude>
    <ClInclude Include="Source\3rdParty\glm\ext\vector_uint2_sized.hpp">
      <Filter>Source\3rdParty\glm\ext</Filter>
    </ClInclude>
    <ClInclude Include="Source\3rdParty\glm\ext\vector_uint3.hpp">
      <Filter>Source\3rdParty\glm\ext</Filter>
    </ClInclude>
    <ClInclude Include="Source\3rdParty\glm\ext\vector_uint3_sized.hpp">
      <Filter>Source\3rdParty\glm\ext</Filter>
    </ClInclude>
    <ClInclude Include="Source\3rdParty\glm\ext\vector_uint4.hpp">
      <Filter>Source\3rdParty\glm\ext</Filter>
    </ClInclude>
    <ClInclude Include="Source\3rdParty\glm\ext\vector_uint4_sized.hpp">
      <Filter>Source\3rdParty\glm\ext</Filter>
    </ClInclude>
    <ClInclude Include="Source\3rdParty\glm\ext\vector_ulp.hpp">
      <Filter>Source\3rdParty\glm\ext</Filter>
    </ClInclude>
    <ClInclude Include="Source\3rdParty\glm\gtc\bitfield.hpp">
      <Filter>Source\3rdParty\glm\gtc</Filter>
    </ClInclude>
    <ClInclude Include="Source\3rdParty\glm\gtc\color_space.hpp">
      <Filter>Source\3rdParty\glm\gtc</Filter>
    </ClInclude>
    <ClInclude Include="Source\3rdParty\glm\gtc\constants.hpp">
      <Filter>Source\3rdParty\glm\gtc</Filter>
    </ClInclude>
    <ClInclude Include="Source\3rdParty\glm\gtc\epsilon.hpp">
      <Filter>Source\3rdParty\glm\gtc</Filter>
    </ClInclude>
    <ClInclude Include="Source\3rdParty\glm\gtc\integer.hpp">
      <Filter>Source\3rdParty\glm\gtc</Filter>
    </ClInclude>
    <ClInclude Include="Source\3rdParty\glm\gtc\matrix_access.hpp">
      <Filter>Source\3rdParty\glm\gtc</Filter>
    </ClInclude>
    <ClInclude Include="Source\3rdParty\glm\gtc\matrix_integer.hpp">
      <Filter>Source\3rdParty\glm\gtc</Filter>
    </ClInclude>
    <ClInclude Include="Source\3rdParty\glm\gtc\matrix_inverse.hpp">
      <Filter>Source\3rdParty\glm\gtc</Filter>
    </ClInclude>
    <ClInclude Include="Source\3rdParty\glm\gtc\matrix_transform.hpp">
      <Filter>Source\3rdParty\glm\gtc</Filter>
    </ClInclude>
    <ClInclude Include="Source\3rdParty\glm\gtc\noise.hpp">
      <Filter>Source\3rdParty\glm\gtc</Filter>
    </ClInclude>
    <ClInclude Include="Source\3rdParty\glm\gtc\packing.hpp">
      <Filter>Source\3rdParty\glm\gtc</Filter>
    </ClInclude>
    <ClInclude Include="Source\3rdParty\glm\gtc\quaternion.hpp">
      <Filter>Source\3rdParty\glm\gtc</Filter>
    </ClInclude>
    <ClInclude Include="Source\3rdParty\glm\gtc\random.hpp">
      <Filter>Source\3rdParty\glm\gtc</Filter>
    </ClInclude>
    <ClInclude Include="Source\3rdParty\glm\gtc\reciprocal.hpp">
      <Filter>Source\3rdParty\glm\gtc</Filter>
    </ClInclude>
    <ClInclude Include="Source\3rdParty\glm\gtc\round.hpp">
      <Filter>Source\3rdParty\glm\gtc</Filter>
    </ClInclude>
    <ClInclude Include="Source\3rdParty\glm\gtc\type_aligned.hpp">
      <Filter>Source\3rdParty\glm\gtc</Filter>
    </ClInclude>
    <ClInclude Include="Source\3rdParty\glm\gtc\type_precision.hpp">
      <Filter>Source\3rdParty\glm\gtc</Filter>
    </ClInclude>
    <ClInclude Include="Source\3rdParty\glm\gtc\type_ptr.hpp">
      <Filter>Source\3rdParty\glm\gtc</Filter>
    </ClInclude>
    <ClInclude Include="Source\3rdParty\glm\gtc\ulp.hpp">
      <Filter>Source\3rdParty\glm\gtc</Filter>
    </ClInclude>
    <ClInclude Include="Source\3rdParty\glm\gtc\vec1.hpp">
      <Filter>Source\3rdParty\glm\gtc</Filter>
    </ClInclude>
    <ClInclude Include="Source\3rdParty\glm\gtx\associated_min_max.hpp">
      <Filter>Source\3rdParty\glm\gtx</Filter>
    </ClInclude>
    <ClInclude Include="Source\3rdParty\glm\gtx\bit.hpp">
      <Filter>Source\3rdParty\glm\gtx</Filter>
    </ClInclude>
    <ClInclude Include="Source\3rdParty\glm\gtx\closest_point.hpp">
      <Filter>Source\3rdParty\glm\gtx</Filter>
    </ClInclude>
    <ClInclude Include="Source\3rdParty\glm\gtx\color_encoding.hpp">
      <Filter>Source\3rdParty\glm\gtx</Filter>
    </ClInclude>
    <ClInclude Include="Source\3rdParty\glm\gtx\color_space.hpp">
      <Filter>Source\3rdParty\glm\gtx</Filter>
    </ClInclude>
    <ClInclude Include="Source\3rdParty\glm\gtx\color_space_YCoCg.hpp">
      <Filter>Source\3rdParty\glm\gtx</Filter>
    </ClInclude>
    <ClInclude Include="Source\3rdParty\glm\gtx\common.hpp">
      <Filter>Source\3rdParty\glm\gtx</Filter>
    </ClInclude>
    <ClInclude Include="Source\3rdParty\glm\gtx\compatibility.hpp">
      <Filter>Source\3rdParty\glm\gtx</Filter>
    </ClInclude>
    <ClInclude Include="Source\3rdParty\glm\gtx\component_wise.hpp">
      <Filter>Source\3rdParty\glm\gtx</Filter>
    </ClInclude>
    <ClInclude Include="Source\3rdParty\glm\gtx\dual_quaternion.hpp">
      <Filter>Source\3rdParty\glm\gtx</Filter>
    </ClInclude>
    <ClInclude Include="Source\3rdParty\glm\gtx\easing.hpp">
      <Filter>Source\3rdParty\glm\gtx</Filter>
    </ClInclude>
    <ClInclude Include="Source\3rdParty\glm\gtx\euler_angles.hpp">
      <Filter>Source\3rdParty\glm\gtx</Filter>
    </ClInclude>
    <ClInclude Include="Source\3rdParty\glm\gtx\extend.hpp">
      <Filter>Source\3rdParty\glm\gtx</Filter>
    </ClInclude>
    <ClInclude Include="Source\3rdParty\glm\gtx\extended_min_max.hpp">
      <Filter>Source\3rdParty\glm\gtx</Filter>
    </ClInclude>
    <ClInclude Include="Source\3rdParty\glm\gtx\exterior_product.hpp">
      <Filter>Source\3rdParty\glm\gtx</Filter>
    </ClInclude>
    <ClInclude Include="Source\3rdParty\glm\gtx\fast_exponential.hpp">
      <Filter>Source\3rdParty\glm\gtx</Filter>
    </ClInclude>
    <ClInclude Include="Source\3rdParty\glm\gtx\fast_square_root.hpp">
      <Filter>Source\3rdParty\glm\gtx</Filter>
    </ClInclude>
    <ClInclude Include="Source\3rdParty\glm\gtx\fast_trigonometry.hpp">
      <Filter>Source\3rdParty\glm\gtx</Filter>
    </ClInclude>
    <ClInclude Include="Source\3rdParty\glm\gtx\functions.hpp">
      <Filter>Source\3rdParty\glm\gtx</Filter>
    </ClInclude>
    <ClInclude Include="Source\3rdParty\glm\gtx\gradient_paint.hpp">
      <Filter>Source\3rdParty\glm\gtx</Filter>
    </ClInclude>
    <ClInclude Include="Source\3rdParty\glm\gtx\handed_coordinate_space.hpp">
      <Filter>Source\3rdParty\glm\gtx</Filter>
    </ClInclude>
    <ClInclude Include="Source\3rdParty\glm\gtx\hash.hpp">
      <Filter>Source\3rdParty\glm\gtx</Filter>
    </ClInclude>
    <ClInclude Include="Source\3rdParty\glm\gtx\integer.hpp">
      <Filter>Source\3rdParty\glm\gtx</Filter>
    </ClInclude>
    <ClInclude Include="Source\3rdParty\glm\gtx\intersect.hpp">
      <Filter>Source\3rdParty\glm\gtx</Filter>
    </ClInclude>
    <ClInclude Include="Source\3rdParty\glm\gtx\io.hpp">
      <Filter>Source\3rdParty\glm\gtx</Filter>
    </ClInclude>
    <ClInclude Include="Source\3rdParty\glm\gtx\log_base.hpp">
      <Filter>Source\3rdParty\glm\gtx</Filter>
    </ClInclude>
    <ClInclude Include="Source\3rdParty\glm\gtx\matrix_cross_product.hpp">
      <Filter>Source\3rdParty\glm\gtx</Filter>
    </ClInclude>
    <ClInclude Include="Source\3rdParty\glm\gtx\matrix_decompose.hpp">
      <Filter>Source\3rdParty\glm\gtx</Filter>
    </ClInclude>
    <ClInclude Include="Source\3rdParty\glm\gtx\matrix_factorisation.hpp">
      <Filter>Source\3rdParty\glm\gtx</Filter>
    </ClInclude>
    <ClInclude Include="Source\3rdParty\glm\gtx\matrix_interpolation.hpp">
      <Filter>Source\3rdParty\glm\gtx</Filter>
    </ClInclude>
    <ClInclude Include="Source\3rdParty\glm\gtx\matrix_major_storage.hpp">
      <Filter>Source\3rdParty\glm\gtx</Filter>
    </ClInclude>
    <ClInclude Include="Source\3rdParty\glm\gtx\matrix_operation.hpp">
      <Filter>Source\3rdParty\glm\gtx</Filter>
    </ClInclude>
    <ClInclude Include="Source\3rdParty\glm\gtx\matrix_query.hpp">
      <Filter>Source\3rdParty\glm\gtx</Filter>
    </ClInclude>
    <ClInclude Include="Source\3rdParty\glm\gtx\matrix_transform_2d.hpp">
      <Filter>Source\3rdParty\glm\gtx</Filter>
    </ClInclude>
    <ClInclude Include="Source\3rdParty\glm\gtx\mixed_product.hpp">
      <Filter>Source\3rdParty\glm\gtx</Filter>
    </ClInclude>
    <ClInclude Include="Source\3rdParty\glm\gtx\norm.hpp">
      <Filter>Source\3rdParty\glm\gtx</Filter>
    </ClInclude>
    <ClInclude Include="Source\3rdParty\glm\gtx\normal.hpp">
      <Filter>Source\3rdParty\glm\gtx</Filter>
    </ClInclude>
    <ClInclude Include="Source\3rdParty\glm\gtx\normalize_dot.hpp">
      <Filter>Source\3rdParty\glm\gtx</Filter>
    </ClInclude>
    <ClInclude Include="Source\3rdParty\glm\gtx\number_precision.hpp">
      <Filter>Source\3rdParty\glm\gtx</Filter>
    </ClInclude>
    <ClInclude Include="Source\3rdParty\glm\gtx\optimum_pow.hpp">
      <Filter>Source\3rdParty\glm\gtx</Filter>
    </ClInclude>
    <ClInclude Include="Source\3rdParty\glm\gtx\orthonormalize.hpp">
      <Filter>Source\3rdParty\glm\gtx</Filter>
    </ClInclude>
    <ClInclude Include="Source\3rdParty\glm\gtx\perpendicular.hpp">
      <Filter>Source\3rdParty\glm\gtx</Filter>
    </ClInclude>
    <ClInclude Include="Source\3rdParty\glm\gtx\polar_coordinates.hpp">
      <Filter>Source\3rdParty\glm\gtx</Filter>
    </ClInclude>
    <ClInclude Include="Source\3rdParty\glm\gtx\projection.hpp">
      <Filter>Source\3rdParty\glm\gtx</Filter>
    </ClInclude>
    <ClInclude Include="Source\3rdParty\glm\gtx\quaternion.hpp">
      <Filter>Source\3rdParty\glm\gtx</Filter>
    </ClInclude>
    <ClInclude Include="Source\3rdParty\glm\gtx\range.hpp">
      <Filter>Source\3rdParty\glm\gtx</Filter>
    </ClInclude>
    <ClInclude Include="Source\3rdParty\glm\gtx\raw_data.hpp">
      <Filter>Source\3rdParty\glm\gtx</Filter>
    </ClInclude>
    <ClInclude Include="Source\3rdParty\glm\gtx\rotate_normalized_axis.hpp">
      <Filter>Source\3rdParty\glm\gtx</Filter>
    </ClInclude>
    <ClInclude Include="Source\3rdParty\glm\gtx\rotate_vector.hpp">
      <Filter>Source\3rdParty\glm\gtx</Filter>
    </ClInclude>
    <ClInclude Include="Source\3rdParty\glm\gtx\scalar_multiplication.hpp">
      <Filter>Source\3rdParty\glm\gtx</Filter>
    </ClInclude>
    <ClInclude Include="Source\3rdParty\glm\gtx\scalar_relational.hpp">
      <Filter>Source\3rdParty\glm\gtx</Filter>
    </ClInclude>
    <ClInclude Include="Source\3rdParty\glm\gtx\spline.hpp">
      <Filter>Source\3rdParty\glm\gtx</Filter>
    </ClInclude>
    <ClInclude Include="Source\3rdParty\glm\gtx\std_based_type.hpp">
      <Filter>Source\3rdParty\glm\gtx</Filter>
    </ClInclude>
    <ClInclude Include="Source\3rdParty\glm\gtx\string_cast.hpp">
      <Filter>Source\3rdParty\glm\gtx</Filter>
    </ClInclude>
    <ClInclude Include="Source\3rdParty\glm\gtx\texture.hpp">
      <Filter>Source\3rdParty\glm\gtx</Filter>
    </ClInclude>
    <ClInclude Include="Source\3rdParty\glm\gtx\transform.hpp">
      <Filter>Source\3rdParty\glm\gtx</Filter>
    </ClInclude>
    <ClInclude Include="Source\3rdParty\glm\gtx\transform2.hpp">
      <Filter>Source\3rdParty\glm\gtx</Filter>
    </ClInclude>
    <ClInclude Include="Source\3rdParty\glm\gtx\type_aligned.hpp">
      <Filter>Source\3rdParty\glm\gtx</Filter>
    </ClInclude>
    <ClInclude Include="Source\3rdParty\glm\gtx\type_trait.hpp">
      <Filter>Source\3rdParty\glm\gtx</Filter>
    </ClInclude>
    <ClInclude Include="Source\3rdParty\glm\gtx\vec_swizzle.hpp">
      <Filter>Source\3rdParty\glm\gtx</Filter>
    </ClInclude>
    <ClInclude Include="Source\3rdParty\glm\gtx\vector_angle.hpp">
      <Filter>Source\3rdParty\glm\gtx</Filter>
    </ClInclude>
    <ClInclude Include="Source\3rdParty\glm\gtx\vector_query.hpp">
      <Filter>Source\3rdParty\glm\gtx</Filter>
    </ClInclude>
    <ClInclude Include="Source\3rdParty\glm\gtx\wrap.hpp">
      <Filter>Source\3rdParty\glm\gtx</Filter>
    </ClInclude>
    <ClInclude Include="Source\3rdParty\glm\simd\common.h">
      <Filter>Source\3rdParty\glm\simd</Filter>
    </ClInclude>
    <ClInclude Include="Source\3rdParty\glm\simd\exponential.h">
      <Filter>Source\3rdParty\glm\simd</Filter>
    </ClInclude>
    <ClInclude Include="Source\3rdParty\glm\simd\geometric.h">
      <Filter>Source\3rdParty\glm\simd</Filter>
    </ClInclude>
    <ClInclude Include="Source\3rdParty\glm\simd\integer.h">
      <Filter>Source\3rdParty\glm\simd</Filter>
    </ClInclude>
    <ClInclude Include="Source\3rdParty\glm\simd\matrix.h">
      <Filter>Source\3rdParty\glm\simd</Filter>
    </ClInclude>
    <ClInclude Include="Source\3rdParty\glm\simd\neon.h">
      <Filter>Source\3rdParty\glm\simd</Filter>
    </ClInclude>
    <ClInclude Include="Source\3rdParty\glm\simd\packing.h">
      <Filter>Source\3rdParty\glm\simd</Filter>
    </ClInclude>
    <ClInclude Include="Source\3rdParty\glm\simd\platform.h">
      <Filter>Source\3rdParty\glm\simd</Filter>
    </ClInclude>
    <ClInclude Include="Source\3rdParty\glm\simd\trigonometric.h">
      <Filter>Source\3rdParty\glm\simd</Filter>
    </ClInclude>
    <ClInclude Include="Source\3rdParty\glm\simd\vector_relational.h">
      <Filter>Source\3rdParty\glm\simd</Filter>
    </ClInclude>
    <ClInclude Include="Source\Driver\IDriver.h">
      <Filter>Source\Driver</Filter>
    </ClInclude>
    <ClInclude Include="Source\Driver\DriverCommon.h">
      <Filter>Source\Driver</Filter>
    </ClInclude>
    <ClInclude Include="Source\Driver\IBuffer.h">
      <Filter>Source\Driver</Filter>
    </ClInclude>
    <ClInclude Include="Source\Driver\ITexture.h">
      <Filter>Source\Driver</Filter>
    </ClInclude>
    <ClInclude Include="Source\Driver\TexFmt.h">
      <Filter>Source\Driver</Filter>
    </ClInclude>
    <ClInclude Include="Source\Driver\DriverConsts.h">
      <Filter>Source\Driver</Filter>
    </ClInclude>
    <ClInclude Include="Source\Driver\DriverSettings.h">
      <Filter>Source\Driver</Filter>
    </ClInclude>
    <ClInclude Include="Source\Driver\D3D11\Driver.h">
      <Filter>Source\Driver\D3D11</Filter>
    </ClInclude>
    <ClInclude Include="Source\Driver\D3D11\Buffer.h">
      <Filter>Source\Driver\D3D11</Filter>
    </ClInclude>
    <ClInclude Include="Source\Driver\D3D11\Texture.h">
      <Filter>Source\Driver\D3D11</Filter>
    </ClInclude>
    <ClInclude Include="Source\Driver\D3D11\ShaderSet.h">
      <Filter>Source\Driver\D3D11</Filter>
    </ClInclude>
    <ClInclude Include="Source\Driver\D3D11\RenderState.h">
      <Filter>Source\Driver\D3D11</Filter>
    </ClInclude>
    <ClInclude Include="Source\Driver\D3D11\InputLayout.h">
      <Filter>Source\Driver\D3D11</Filter>
    </ClInclude>
    <ClInclude Include="Source\Renderer2\WorldRenderer.h">
      <Filter>Source\Renderer2</Filter>
    </ClInclude>
    <ClInclude Include="Source\Renderer2\ConstantBuffers.h">
      <Filter>Source\Renderer2</Filter>
    </ClInclude>
    <ClInclude Include="Source\Renderer2\RendererCommon.h">
      <Filter>Source\Renderer2</Filter>
    </ClInclude>
    <ClInclude Include="Source\Renderer2\Material2.h">
      <Filter>Source\Renderer2</Filter>
    </ClInclude>
    <ClInclude Include="Source\Renderer2\MeshRenderer.h">
      <Filter>Source\Renderer2</Filter>
    </ClInclude>
    <ClInclude Include="Source\Renderer2\Primitives2.h">
      <Filter>Source\Renderer2</Filter>
    </ClInclude>
  </ItemGroup>
  <ItemGroup>
    <Text Include="Source\3rdParty\ImGui\LICENSE.txt">
      <Filter>Source\3rdParty\ImGui</Filter>
    </Text>
    <Text Include="Source\3rdParty\glm\CMakeLists.txt">
      <Filter>Source\3rdParty\glm</Filter>
    </Text>
  </ItemGroup>
  <ItemGroup>
    <None Include="Source\Shaders\BRDF.hlsl">
      <Filter>Source\Shaders</Filter>
    </None>
    <None Include="Source\Shaders\Standard.shader">
      <Filter>Source\Shaders</Filter>
    </None>
    <None Include="Source\Shaders\Common.hlsl">
      <Filter>Source\Shaders</Filter>
    </None>
    <None Include="Source\Shaders\Input.hlsl">
      <Filter>Source\Shaders</Filter>
    </None>
    <None Include="Source\Shaders\Lighting.hlsl">
      <Filter>Source\Shaders</Filter>
    </None>
    <None Include="Source\Shaders\Shadow.hlsl">
      <Filter>Source\Shaders</Filter>
    </None>
    <None Include="Source\Shaders\ShadowSamplingTent.hlsl">
      <Filter>Source\Shaders</Filter>
    </None>
    <None Include="Source\Shaders\Surface.hlsl">
      <Filter>Source\Shaders</Filter>
    </None>
    <None Include="Source\3rdParty\glm\detail\func_common.inl">
      <Filter>Source\3rdParty\glm\detail</Filter>
    </None>
    <None Include="Source\3rdParty\glm\detail\func_common_simd.inl">
      <Filter>Source\3rdParty\glm\detail</Filter>
    </None>
    <None Include="Source\3rdParty\glm\detail\func_exponential.inl">
      <Filter>Source\3rdParty\glm\detail</Filter>
    </None>
    <None Include="Source\3rdParty\glm\detail\func_exponential_simd.inl">
      <Filter>Source\3rdParty\glm\detail</Filter>
    </None>
    <None Include="Source\3rdParty\glm\detail\func_geometric.inl">
      <Filter>Source\3rdParty\glm\detail</Filter>
    </None>
    <None Include="Source\3rdParty\glm\detail\func_geometric_simd.inl">
      <Filter>Source\3rdParty\glm\detail</Filter>
    </None>
    <None Include="Source\3rdParty\glm\detail\func_integer.inl">
      <Filter>Source\3rdParty\glm\detail</Filter>
    </None>
    <None Include="Source\3rdParty\glm\detail\func_integer_simd.inl">
      <Filter>Source\3rdParty\glm\detail</Filter>
    </None>
    <None Include="Source\3rdParty\glm\detail\func_matrix.inl">
      <Filter>Source\3rdParty\glm\detail</Filter>
    </None>
    <None Include="Source\3rdParty\glm\detail\func_matrix_simd.inl">
      <Filter>Source\3rdParty\glm\detail</Filter>
    </None>
    <None Include="Source\3rdParty\glm\detail\func_packing.inl">
      <Filter>Source\3rdParty\glm\detail</Filter>
    </None>
    <None Include="Source\3rdParty\glm\detail\func_packing_simd.inl">
      <Filter>Source\3rdParty\glm\detail</Filter>
    </None>
    <None Include="Source\3rdParty\glm\detail\func_trigonometric.inl">
      <Filter>Source\3rdParty\glm\detail</Filter>
    </None>
    <None Include="Source\3rdParty\glm\detail\func_trigonometric_simd.inl">
      <Filter>Source\3rdParty\glm\detail</Filter>
    </None>
    <None Include="Source\3rdParty\glm\detail\func_vector_relational.inl">
      <Filter>Source\3rdParty\glm\detail</Filter>
    </None>
    <None Include="Source\3rdParty\glm\detail\func_vector_relational_simd.inl">
      <Filter>Source\3rdParty\glm\detail</Filter>
    </None>
    <None Include="Source\3rdParty\glm\detail\type_half.inl">
      <Filter>Source\3rdParty\glm\detail</Filter>
    </None>
    <None Include="Source\3rdParty\glm\detail\type_mat2x2.inl">
      <Filter>Source\3rdParty\glm\detail</Filter>
    </None>
    <None Include="Source\3rdParty\glm\detail\type_mat2x3.inl">
      <Filter>Source\3rdParty\glm\detail</Filter>
    </None>
    <None Include="Source\3rdParty\glm\detail\type_mat2x4.inl">
      <Filter>Source\3rdParty\glm\detail</Filter>
    </None>
    <None Include="Source\3rdParty\glm\detail\type_mat3x2.inl">
      <Filter>Source\3rdParty\glm\detail</Filter>
    </None>
    <None Include="Source\3rdParty\glm\detail\type_mat3x3.inl">
      <Filter>Source\3rdParty\glm\detail</Filter>
    </None>
    <None Include="Source\3rdParty\glm\detail\type_mat3x4.inl">
      <Filter>Source\3rdParty\glm\detail</Filter>
    </None>
    <None Include="Source\3rdParty\glm\detail\type_mat4x2.inl">
      <Filter>Source\3rdParty\glm\detail</Filter>
    </None>
    <None Include="Source\3rdParty\glm\detail\type_mat4x3.inl">
      <Filter>Source\3rdParty\glm\detail</Filter>
    </None>
    <None Include="Source\3rdParty\glm\detail\type_mat4x4.inl">
      <Filter>Source\3rdParty\glm\detail</Filter>
    </None>
    <None Include="Source\3rdParty\glm\detail\type_mat4x4_simd.inl">
      <Filter>Source\3rdParty\glm\detail</Filter>
    </None>
    <None Include="Source\3rdParty\glm\detail\type_quat.inl">
      <Filter>Source\3rdParty\glm\detail</Filter>
    </None>
    <None Include="Source\3rdParty\glm\detail\type_quat_simd.inl">
      <Filter>Source\3rdParty\glm\detail</Filter>
    </None>
    <None Include="Source\3rdParty\glm\detail\type_vec1.inl">
      <Filter>Source\3rdParty\glm\detail</Filter>
    </None>
    <None Include="Source\3rdParty\glm\detail\type_vec2.inl">
      <Filter>Source\3rdParty\glm\detail</Filter>
    </None>
    <None Include="Source\3rdParty\glm\detail\type_vec3.inl">
      <Filter>Source\3rdParty\glm\detail</Filter>
    </None>
    <None Include="Source\3rdParty\glm\detail\type_vec4.inl">
      <Filter>Source\3rdParty\glm\detail</Filter>
    </None>
    <None Include="Source\3rdParty\glm\detail\type_vec4_simd.inl">
      <Filter>Source\3rdParty\glm\detail</Filter>
    </None>
    <None Include="Source\3rdParty\glm\ext\matrix_clip_space.inl">
      <Filter>Source\3rdParty\glm\ext</Filter>
    </None>
    <None Include="Source\3rdParty\glm\ext\matrix_common.inl">
      <Filter>Source\3rdParty\glm\ext</Filter>
    </None>
    <None Include="Source\3rdParty\glm\ext\matrix_projection.inl">
      <Filter>Source\3rdParty\glm\ext</Filter>
    </None>
    <None Include="Source\3rdParty\glm\ext\matrix_relational.inl">
      <Filter>Source\3rdParty\glm\ext</Filter>
    </None>
    <None Include="Source\3rdParty\glm\ext\matrix_transform.inl">
      <Filter>Source\3rdParty\glm\ext</Filter>
    </None>
    <None Include="Source\3rdParty\glm\ext\quaternion_common.inl">
      <Filter>Source\3rdParty\glm\ext</Filter>
    </None>
    <None Include="Source\3rdParty\glm\ext\quaternion_common_simd.inl">
      <Filter>Source\3rdParty\glm\ext</Filter>
    </None>
    <None Include="Source\3rdParty\glm\ext\quaternion_exponential.inl">
      <Filter>Source\3rdParty\glm\ext</Filter>
    </None>
    <None Include="Source\3rdParty\glm\ext\quaternion_geometric.inl">
      <Filter>Source\3rdParty\glm\ext</Filter>
    </None>
    <None Include="Source\3rdParty\glm\ext\quaternion_relational.inl">
      <Filter>Source\3rdParty\glm\ext</Filter>
    </None>
    <None Include="Source\3rdParty\glm\ext\quaternion_transform.inl">
      <Filter>Source\3rdParty\glm\ext</Filter>
    </None>
    <None Include="Source\3rdParty\glm\ext\quaternion_trigonometric.inl">
      <Filter>Source\3rdParty\glm\ext</Filter>
    </None>
    <None Include="Source\3rdParty\glm\ext\scalar_common.inl">
      <Filter>Source\3rdParty\glm\ext</Filter>
    </None>
    <None Include="Source\3rdParty\glm\ext\scalar_constants.inl">
      <Filter>Source\3rdParty\glm\ext</Filter>
    </None>
    <None Include="Source\3rdParty\glm\ext\scalar_integer.inl">
      <Filter>Source\3rdParty\glm\ext</Filter>
    </None>
    <None Include="Source\3rdParty\glm\ext\scalar_packing.inl">
      <Filter>Source\3rdParty\glm\ext</Filter>
    </None>
    <None Include="Source\3rdParty\glm\ext\scalar_relational.inl">
      <Filter>Source\3rdParty\glm\ext</Filter>
    </None>
    <None Include="Source\3rdParty\glm\ext\scalar_ulp.inl">
      <Filter>Source\3rdParty\glm\ext</Filter>
    </None>
    <None Include="Source\3rdParty\glm\ext\vector_common.inl">
      <Filter>Source\3rdParty\glm\ext</Filter>
    </None>
    <None Include="Source\3rdParty\glm\ext\vector_integer.inl">
      <Filter>Source\3rdParty\glm\ext</Filter>
    </None>
    <None Include="Source\3rdParty\glm\ext\vector_packing.inl">
      <Filter>Source\3rdParty\glm\ext</Filter>
    </None>
    <None Include="Source\3rdParty\glm\ext\vector_relational.inl">
      <Filter>Source\3rdParty\glm\ext</Filter>
    </None>
    <None Include="Source\3rdParty\glm\ext\vector_ulp.inl">
      <Filter>Source\3rdParty\glm\ext</Filter>
    </None>
    <None Include="Source\3rdParty\glm\gtc\bitfield.inl">
      <Filter>Source\3rdParty\glm\gtc</Filter>
    </None>
    <None Include="Source\3rdParty\glm\gtc\color_space.inl">
      <Filter>Source\3rdParty\glm\gtc</Filter>
    </None>
    <None Include="Source\3rdParty\glm\gtc\constants.inl">
      <Filter>Source\3rdParty\glm\gtc</Filter>
    </None>
    <None Include="Source\3rdParty\glm\gtc\epsilon.inl">
      <Filter>Source\3rdParty\glm\gtc</Filter>
    </None>
    <None Include="Source\3rdParty\glm\gtc\integer.inl">
      <Filter>Source\3rdParty\glm\gtc</Filter>
    </None>
    <None Include="Source\3rdParty\glm\gtc\matrix_access.inl">
      <Filter>Source\3rdParty\glm\gtc</Filter>
    </None>
    <None Include="Source\3rdParty\glm\gtc\matrix_inverse.inl">
      <Filter>Source\3rdParty\glm\gtc</Filter>
    </None>
    <None Include="Source\3rdParty\glm\gtc\matrix_transform.inl">
      <Filter>Source\3rdParty\glm\gtc</Filter>
    </None>
    <None Include="Source\3rdParty\glm\gtc\noise.inl">
      <Filter>Source\3rdParty\glm\gtc</Filter>
    </None>
    <None Include="Source\3rdParty\glm\gtc\packing.inl">
      <Filter>Source\3rdParty\glm\gtc</Filter>
    </None>
    <None Include="Source\3rdParty\glm\gtc\quaternion.inl">
      <Filter>Source\3rdParty\glm\gtc</Filter>
    </None>
    <None Include="Source\3rdParty\glm\gtc\quaternion_simd.inl">
      <Filter>Source\3rdParty\glm\gtc</Filter>
    </None>
    <None Include="Source\3rdParty\glm\gtc\random.inl">
      <Filter>Source\3rdParty\glm\gtc</Filter>
    </None>
    <None Include="Source\3rdParty\glm\gtc\reciprocal.inl">
      <Filter>Source\3rdParty\glm\gtc</Filter>
    </None>
    <None Include="Source\3rdParty\glm\gtc\round.inl">
      <Filter>Source\3rdParty\glm\gtc</Filter>
    </None>
    <None Include="Source\3rdParty\glm\gtc\type_precision.inl">
      <Filter>Source\3rdParty\glm\gtc</Filter>
    </None>
    <None Include="Source\3rdParty\glm\gtc\type_ptr.inl">
      <Filter>Source\3rdParty\glm\gtc</Filter>
    </None>
    <None Include="Source\3rdParty\glm\gtc\ulp.inl">
      <Filter>Source\3rdParty\glm\gtc</Filter>
    </None>
    <None Include="Source\3rdParty\glm\gtx\associated_min_max.inl">
      <Filter>Source\3rdParty\glm\gtx</Filter>
    </None>
    <None Include="Source\3rdParty\glm\gtx\bit.inl">
      <Filter>Source\3rdParty\glm\gtx</Filter>
    </None>
    <None Include="Source\3rdParty\glm\gtx\closest_point.inl">
      <Filter>Source\3rdParty\glm\gtx</Filter>
    </None>
    <None Include="Source\3rdParty\glm\gtx\color_encoding.inl">
      <Filter>Source\3rdParty\glm\gtx</Filter>
    </None>
    <None Include="Source\3rdParty\glm\gtx\color_space.inl">
      <Filter>Source\3rdParty\glm\gtx</Filter>
    </None>
    <None Include="Source\3rdParty\glm\gtx\color_space_YCoCg.inl">
      <Filter>Source\3rdParty\glm\gtx</Filter>
    </None>
    <None Include="Source\3rdParty\glm\gtx\common.inl">
      <Filter>Source\3rdParty\glm\gtx</Filter>
    </None>
    <None Include="Source\3rdParty\glm\gtx\compatibility.inl">
      <Filter>Source\3rdParty\glm\gtx</Filter>
    </None>
    <None Include="Source\3rdParty\glm\gtx\component_wise.inl">
      <Filter>Source\3rdParty\glm\gtx</Filter>
    </None>
    <None Include="Source\3rdParty\glm\gtx\dual_quaternion.inl">
      <Filter>Source\3rdParty\glm\gtx</Filter>
    </None>
    <None Include="Source\3rdParty\glm\gtx\easing.inl">
      <Filter>Source\3rdParty\glm\gtx</Filter>
    </None>
    <None Include="Source\3rdParty\glm\gtx\euler_angles.inl">
      <Filter>Source\3rdParty\glm\gtx</Filter>
    </None>
    <None Include="Source\3rdParty\glm\gtx\extend.inl">
      <Filter>Source\3rdParty\glm\gtx</Filter>
    </None>
    <None Include="Source\3rdParty\glm\gtx\extended_min_max.inl">
      <Filter>Source\3rdParty\glm\gtx</Filter>
    </None>
    <None Include="Source\3rdParty\glm\gtx\exterior_product.inl">
      <Filter>Source\3rdParty\glm\gtx</Filter>
    </None>
    <None Include="Source\3rdParty\glm\gtx\fast_exponential.inl">
      <Filter>Source\3rdParty\glm\gtx</Filter>
    </None>
    <None Include="Source\3rdParty\glm\gtx\fast_square_root.inl">
      <Filter>Source\3rdParty\glm\gtx</Filter>
    </None>
    <None Include="Source\3rdParty\glm\gtx\fast_trigonometry.inl">
      <Filter>Source\3rdParty\glm\gtx</Filter>
    </None>
    <None Include="Source\3rdParty\glm\gtx\float_notmalize.inl">
      <Filter>Source\3rdParty\glm\gtx</Filter>
    </None>
    <None Include="Source\3rdParty\glm\gtx\functions.inl">
      <Filter>Source\3rdParty\glm\gtx</Filter>
    </None>
    <None Include="Source\3rdParty\glm\gtx\gradient_paint.inl">
      <Filter>Source\3rdParty\glm\gtx</Filter>
    </None>
    <None Include="Source\3rdParty\glm\gtx\handed_coordinate_space.inl">
      <Filter>Source\3rdParty\glm\gtx</Filter>
    </None>
    <None Include="Source\3rdParty\glm\gtx\hash.inl">
      <Filter>Source\3rdParty\glm\gtx</Filter>
    </None>
    <None Include="Source\3rdParty\glm\gtx\integer.inl">
      <Filter>Source\3rdParty\glm\gtx</Filter>
    </None>
    <None Include="Source\3rdParty\glm\gtx\intersect.inl">
      <Filter>Source\3rdParty\glm\gtx</Filter>
    </None>
    <None Include="Source\3rdParty\glm\gtx\io.inl">
      <Filter>Source\3rdParty\glm\gtx</Filter>
    </None>
    <None Include="Source\3rdParty\glm\gtx\log_base.inl">
      <Filter>Source\3rdParty\glm\gtx</Filter>
    </None>
    <None Include="Source\3rdParty\glm\gtx\matrix_cross_product.inl">
      <Filter>Source\3rdParty\glm\gtx</Filter>
    </None>
    <None Include="Source\3rdParty\glm\gtx\matrix_decompose.inl">
      <Filter>Source\3rdParty\glm\gtx</Filter>
    </None>
    <None Include="Source\3rdParty\glm\gtx\matrix_factorisation.inl">
      <Filter>Source\3rdParty\glm\gtx</Filter>
    </None>
    <None Include="Source\3rdParty\glm\gtx\matrix_interpolation.inl">
      <Filter>Source\3rdParty\glm\gtx</Filter>
    </None>
    <None Include="Source\3rdParty\glm\gtx\matrix_major_storage.inl">
      <Filter>Source\3rdParty\glm\gtx</Filter>
    </None>
    <None Include="Source\3rdParty\glm\gtx\matrix_operation.inl">
      <Filter>Source\3rdParty\glm\gtx</Filter>
    </None>
    <None Include="Source\3rdParty\glm\gtx\matrix_query.inl">
      <Filter>Source\3rdParty\glm\gtx</Filter>
    </None>
    <None Include="Source\3rdParty\glm\gtx\matrix_transform_2d.inl">
      <Filter>Source\3rdParty\glm\gtx</Filter>
    </None>
    <None Include="Source\3rdParty\glm\gtx\mixed_product.inl">
      <Filter>Source\3rdParty\glm\gtx</Filter>
    </None>
    <None Include="Source\3rdParty\glm\gtx\norm.inl">
      <Filter>Source\3rdParty\glm\gtx</Filter>
    </None>
    <None Include="Source\3rdParty\glm\gtx\normal.inl">
      <Filter>Source\3rdParty\glm\gtx</Filter>
    </None>
    <None Include="Source\3rdParty\glm\gtx\normalize_dot.inl">
      <Filter>Source\3rdParty\glm\gtx</Filter>
    </None>
    <None Include="Source\3rdParty\glm\gtx\number_precision.inl">
      <Filter>Source\3rdParty\glm\gtx</Filter>
    </None>
    <None Include="Source\3rdParty\glm\gtx\optimum_pow.inl">
      <Filter>Source\3rdParty\glm\gtx</Filter>
    </None>
    <None Include="Source\3rdParty\glm\gtx\orthonormalize.inl">
      <Filter>Source\3rdParty\glm\gtx</Filter>
    </None>
    <None Include="Source\3rdParty\glm\gtx\perpendicular.inl">
      <Filter>Source\3rdParty\glm\gtx</Filter>
    </None>
    <None Include="Source\3rdParty\glm\gtx\polar_coordinates.inl">
      <Filter>Source\3rdParty\glm\gtx</Filter>
    </None>
    <None Include="Source\3rdParty\glm\gtx\projection.inl">
      <Filter>Source\3rdParty\glm\gtx</Filter>
    </None>
    <None Include="Source\3rdParty\glm\gtx\quaternion.inl">
      <Filter>Source\3rdParty\glm\gtx</Filter>
    </None>
    <None Include="Source\3rdParty\glm\gtx\raw_data.inl">
      <Filter>Source\3rdParty\glm\gtx</Filter>
    </None>
    <None Include="Source\3rdParty\glm\gtx\rotate_normalized_axis.inl">
      <Filter>Source\3rdParty\glm\gtx</Filter>
    </None>
    <None Include="Source\3rdParty\glm\gtx\rotate_vector.inl">
      <Filter>Source\3rdParty\glm\gtx</Filter>
    </None>
    <None Include="Source\3rdParty\glm\gtx\scalar_relational.inl">
      <Filter>Source\3rdParty\glm\gtx</Filter>
    </None>
    <None Include="Source\3rdParty\glm\gtx\spline.inl">
      <Filter>Source\3rdParty\glm\gtx</Filter>
    </None>
    <None Include="Source\3rdParty\glm\gtx\std_based_type.inl">
      <Filter>Source\3rdParty\glm\gtx</Filter>
    </None>
    <None Include="Source\3rdParty\glm\gtx\string_cast.inl">
      <Filter>Source\3rdParty\glm\gtx</Filter>
    </None>
    <None Include="Source\3rdParty\glm\gtx\texture.inl">
      <Filter>Source\3rdParty\glm\gtx</Filter>
    </None>
    <None Include="Source\3rdParty\glm\gtx\transform.inl">
      <Filter>Source\3rdParty\glm\gtx</Filter>
    </None>
    <None Include="Source\3rdParty\glm\gtx\transform2.inl">
      <Filter>Source\3rdParty\glm\gtx</Filter>
    </None>
    <None Include="Source\3rdParty\glm\gtx\type_aligned.inl">
      <Filter>Source\3rdParty\glm\gtx</Filter>
    </None>
    <None Include="Source\3rdParty\glm\gtx\type_trait.inl">
      <Filter>Source\3rdParty\glm\gtx</Filter>
    </None>
    <None Include="Source\3rdParty\glm\gtx\vector_angle.inl">
      <Filter>Source\3rdParty\glm\gtx</Filter>
    </None>
    <None Include="Source\3rdParty\glm\gtx\vector_query.inl">
      <Filter>Source\3rdParty\glm\gtx</Filter>
    </None>
    <None Include="Source\3rdParty\glm\gtx\wrap.inl">
      <Filter>Source\3rdParty\glm\gtx</Filter>
    </None>
  </ItemGroup>
</Project>